// !$*UTF8*$!
{
	archiveVersion = 1;
	classes = {
	};
	objectVersion = 56;
	objects = {

/* Begin PBXBuildFile section */
		CE0EF5962C18D5ED009CFDCB /* OpenAIManager.swift in Sources */ = {isa = PBXBuildFile; fileRef = CE0EF5952C18D5ED009CFDCB /* OpenAIManager.swift */; };
		CE0EF5982C18D5FF009CFDCB /* OpenAIChatView.swift in Sources */ = {isa = PBXBuildFile; fileRef = CE0EF5972C18D5FF009CFDCB /* OpenAIChatView.swift */; };
		CE1103262BA1F9AD008B0096 /* StudyCard+CoreDataClass.swift in Sources */ = {isa = PBXBuildFile; fileRef = CE1103242BA1F9AD008B0096 /* StudyCard+CoreDataClass.swift */; };
		CE1103272BA1F9AD008B0096 /* StudyCard+CoreDataProperties.swift in Sources */ = {isa = PBXBuildFile; fileRef = CE1103252BA1F9AD008B0096 /* StudyCard+CoreDataProperties.swift */; };
		CE2051012B9F98BD0072704E /* FlashcardContent.swift in Sources */ = {isa = PBXBuildFile; fileRef = CE2051002B9F98BD0072704E /* FlashcardContent.swift */; };
		CE21266D2BB86FC30058DCC4 /* ContentfulRichTextRenderer in Frameworks */ = {isa = PBXBuildFile; productRef = CE21266C2BB86FC30058DCC4 /* ContentfulRichTextRenderer */; };
		CE32CDD82C1CE3C900A87202 /* WineFlawData.swift in Sources */ = {isa = PBXBuildFile; fileRef = CE32CDD72C1CE3C900A87202 /* WineFlawData.swift */; };
		CE32CDDC2C1CE3E400A87202 /* WineFlawDetailView.swift in Sources */ = {isa = PBXBuildFile; fileRef = CE32CDDB2C1CE3E400A87202 /* WineFlawDetailView.swift */; };
		CE32CDDE2C1CE3FD00A87202 /* WineFlawListView.swift in Sources */ = {isa = PBXBuildFile; fileRef = CE32CDDD2C1CE3FD00A87202 /* WineFlawListView.swift */; };
		CE32CDE12C1CE5C600A87202 /* FoodWinePairingsListView.swift in Sources */ = {isa = PBXBuildFile; fileRef = CE32CDE02C1CE5C600A87202 /* FoodWinePairingsListView.swift */; };
		CE32CDE32C1CE5D100A87202 /* FoodWinePairingsData.swift in Sources */ = {isa = PBXBuildFile; fileRef = CE32CDE22C1CE5D100A87202 /* FoodWinePairingsData.swift */; };
		CE32CDE52C1CE5DD00A87202 /* FoodWinePairingsDetailView.swift in Sources */ = {isa = PBXBuildFile; fileRef = CE32CDE42C1CE5DD00A87202 /* FoodWinePairingsDetailView.swift */; };
		CE64D2782B92ED64009BF1B9 /* MyWinesView.swift in Sources */ = {isa = PBXBuildFile; fileRef = CE64D2772B92ED64009BF1B9 /* MyWinesView.swift */; };
		CE6ADF312B925ED600982366 /* VinoDecksApp.swift in Sources */ = {isa = PBXBuildFile; fileRef = CE6ADF302B925ED600982366 /* VinoDecksApp.swift */; };
		CE6ADF332B925ED600982366 /* ContentView.swift in Sources */ = {isa = PBXBuildFile; fileRef = CE6ADF322B925ED600982366 /* ContentView.swift */; };
		CE6ADF352B925ED700982366 /* Assets.xcassets in Resources */ = {isa = PBXBuildFile; fileRef = CE6ADF342B925ED700982366 /* Assets.xcassets */; };
		CE6ADF382B925ED700982366 /* Preview Assets.xcassets in Resources */ = {isa = PBXBuildFile; fileRef = CE6ADF372B925ED700982366 /* Preview Assets.xcassets */; };
		CE6ADF3A2B925ED700982366 /* Persistence.swift in Sources */ = {isa = PBXBuildFile; fileRef = CE6ADF392B925ED700982366 /* Persistence.swift */; };
		CE6ADF3D2B925ED700982366 /* VinoDecks.xcdatamodeld in Sources */ = {isa = PBXBuildFile; fileRef = CE6ADF3B2B925ED700982366 /* VinoDecks.xcdatamodeld */; };
		CE6ADF472B925ED700982366 /* VinoDecksTests.swift in Sources */ = {isa = PBXBuildFile; fileRef = CE6ADF462B925ED700982366 /* VinoDecksTests.swift */; };
		CE6ADF512B925ED700982366 /* VinoDecksUITests.swift in Sources */ = {isa = PBXBuildFile; fileRef = CE6ADF502B925ED700982366 /* VinoDecksUITests.swift */; };
		CE6ADF532B925ED700982366 /* VinoDecksUITestsLaunchTests.swift in Sources */ = {isa = PBXBuildFile; fileRef = CE6ADF522B925ED700982366 /* VinoDecksUITestsLaunchTests.swift */; };
		CE6ADF602B9266D600982366 /* FlashcardView.swift in Sources */ = {isa = PBXBuildFile; fileRef = CE6ADF5F2B9266D600982366 /* FlashcardView.swift */; };
		CE6ADF632B9269C400982366 /* CoreData.framework in Frameworks */ = {isa = PBXBuildFile; fileRef = CE6ADF622B9269C400982366 /* CoreData.framework */; };
		CE6F73692B93BE8900770B35 /* WineFormView.swift in Sources */ = {isa = PBXBuildFile; fileRef = CE6F73682B93BE8900770B35 /* WineFormView.swift */; };
		CE7B36EB2B94DA58006AFFA0 /* AccountView.swift in Sources */ = {isa = PBXBuildFile; fileRef = CE7B36EA2B94DA58006AFFA0 /* AccountView.swift */; };
		CE7B36EF2B96B6F9006AFFA0 /* WineDetailView.swift in Sources */ = {isa = PBXBuildFile; fileRef = CE7B36EE2B96B6F9006AFFA0 /* WineDetailView.swift */; };
		CE7F35D72BD579710055E6DB /* Wine.swift in Sources */ = {isa = PBXBuildFile; fileRef = CE7F35D62BD579710055E6DB /* Wine.swift */; };
		CE80C17A2B9F4F29004EF540 /* StudyCardModel.xcdatamodeld in Sources */ = {isa = PBXBuildFile; fileRef = CE80C1782B9F4F29004EF540 /* StudyCardModel.xcdatamodeld */; };
		CE80C17C2B9F5574004EF540 /* flashcards.json in Resources */ = {isa = PBXBuildFile; fileRef = CE80C17B2B9F5574004EF540 /* flashcards.json */; };
		CE82D2852B98B853002B55F1 /* SearchBar.swift in Sources */ = {isa = PBXBuildFile; fileRef = CE82D2842B98B853002B55F1 /* SearchBar.swift */; };
		CE82D2872B9A1F91002B55F1 /* ImagePicker.swift in Sources */ = {isa = PBXBuildFile; fileRef = CE82D2862B9A1F91002B55F1 /* ImagePicker.swift */; };
		CE82D2892B9B72CF002B55F1 /* StudyView.swift in Sources */ = {isa = PBXBuildFile; fileRef = CE82D2882B9B72CF002B55F1 /* StudyView.swift */; };
		CE94AAF12C0D3957004CE8E0 /* ReferenceMainView.swift in Sources */ = {isa = PBXBuildFile; fileRef = CE94AAF02C0D3957004CE8E0 /* ReferenceMainView.swift */; };
		CE94AAF42C0D39DE004CE8E0 /* GrapeDetailView.swift in Sources */ = {isa = PBXBuildFile; fileRef = CE94AAF32C0D39DE004CE8E0 /* GrapeDetailView.swift */; };
		CE94AAF62C0D421E004CE8E0 /* GrapeListView.swift in Sources */ = {isa = PBXBuildFile; fileRef = CE94AAF52C0D421E004CE8E0 /* GrapeListView.swift */; };
		CE94AAF82C0D444E004CE8E0 /* Grape.swift in Sources */ = {isa = PBXBuildFile; fileRef = CE94AAF72C0D444E004CE8E0 /* Grape.swift */; };
		CE94AAFA2C0D502D004CE8E0 /* GrapeData.swift in Sources */ = {isa = PBXBuildFile; fileRef = CE94AAF92C0D502D004CE8E0 /* GrapeData.swift */; };
		CE94AAFC2C0E2547004CE8E0 /* RegionListView.swift in Sources */ = {isa = PBXBuildFile; fileRef = CE94AAFB2C0E2547004CE8E0 /* RegionListView.swift */; };
		CE94AAFE2C0E279F004CE8E0 /* RegionData.swift in Sources */ = {isa = PBXBuildFile; fileRef = CE94AAFD2C0E279F004CE8E0 /* RegionData.swift */; };
		CE94AB002C0E27FC004CE8E0 /* RegionDetailView.swift in Sources */ = {isa = PBXBuildFile; fileRef = CE94AAFF2C0E27FC004CE8E0 /* RegionDetailView.swift */; };
		CE94AB072C0E3624004CE8E0 /* WineGlossaryListView.swift in Sources */ = {isa = PBXBuildFile; fileRef = CE94AB062C0E3624004CE8E0 /* WineGlossaryListView.swift */; };
		CE94AB0A2C0E3645004CE8E0 /* WineGlossaryDetailView.swift in Sources */ = {isa = PBXBuildFile; fileRef = CE94AB092C0E3645004CE8E0 /* WineGlossaryDetailView.swift */; };
		CE94AB0C2C0E3675004CE8E0 /* WineGlossaryData.swift in Sources */ = {isa = PBXBuildFile; fileRef = CE94AB0B2C0E3675004CE8E0 /* WineGlossaryData.swift */; };
		CE94AB0F2C0E6FDA004CE8E0 /* WineLawData.swift in Sources */ = {isa = PBXBuildFile; fileRef = CE94AB0E2C0E6FDA004CE8E0 /* WineLawData.swift */; };
		CE94AB112C0E6FE8004CE8E0 /* WineLawListView.swift in Sources */ = {isa = PBXBuildFile; fileRef = CE94AB102C0E6FE8004CE8E0 /* WineLawListView.swift */; };
		CE94AB132C0E6FF6004CE8E0 /* WineLawDetailView.swift in Sources */ = {isa = PBXBuildFile; fileRef = CE94AB122C0E6FF6004CE8E0 /* WineLawDetailView.swift */; };
		CEA304EA2BA3DDFC00DD010D /* ActivityViewController.swift in Sources */ = {isa = PBXBuildFile; fileRef = CEA304E92BA3DDFC00DD010D /* ActivityViewController.swift */; };
		CECB7A622BACB69200659CB6 /* WelcomeView.swift in Sources */ = {isa = PBXBuildFile; fileRef = CECB7A612BACB69200659CB6 /* WelcomeView.swift */; };
		CECB7A662BACC50600659CB6 /* ContactFormView.swift in Sources */ = {isa = PBXBuildFile; fileRef = CECB7A652BACC50600659CB6 /* ContactFormView.swift */; };
		CED0F8BF2B93DE9500508E6E /* BlogPostView.swift in Sources */ = {isa = PBXBuildFile; fileRef = CED0F8BE2B93DE9500508E6E /* BlogPostView.swift */; };
		CED380D82BB5E18400CAFB29 /* DashboardView.swift in Sources */ = {isa = PBXBuildFile; fileRef = CED380D72BB5E18400CAFB29 /* DashboardView.swift */; };
		CED380DA2BB70E1500CAFB29 /* WineData.swift in Sources */ = {isa = PBXBuildFile; fileRef = CED380D92BB70E1500CAFB29 /* WineData.swift */; };
		CED380DD2BB755BB00CAFB29 /* Contentful in Frameworks */ = {isa = PBXBuildFile; productRef = CED380DC2BB755BB00CAFB29 /* Contentful */; };
		CED380DF2BB756A400CAFB29 /* ContentfulManager.swift in Sources */ = {isa = PBXBuildFile; fileRef = CED380DE2BB756A400CAFB29 /* ContentfulManager.swift */; };
		CEE07EFD2C1A70450088F94C /* ConversationHistoryView.swift in Sources */ = {isa = PBXBuildFile; fileRef = CEE07EFC2C1A70450088F94C /* ConversationHistoryView.swift */; };
		CEE07EFF2C1A71C40088F94C /* ReadOnlyConversationView.swift in Sources */ = {isa = PBXBuildFile; fileRef = CEE07EFE2C1A71C40088F94C /* ReadOnlyConversationView.swift */; };
/* End PBXBuildFile section */

/* Begin PBXContainerItemProxy section */
		CE6ADF432B925ED700982366 /* PBXContainerItemProxy */ = {
			isa = PBXContainerItemProxy;
			containerPortal = CE6ADF252B925ED600982366 /* Project object */;
			proxyType = 1;
			remoteGlobalIDString = CE6ADF2C2B925ED600982366;
			remoteInfo = VinoDecks;
		};
		CE6ADF4D2B925ED700982366 /* PBXContainerItemProxy */ = {
			isa = PBXContainerItemProxy;
			containerPortal = CE6ADF252B925ED600982366 /* Project object */;
			proxyType = 1;
			remoteGlobalIDString = CE6ADF2C2B925ED600982366;
			remoteInfo = VinoDecks;
		};
/* End PBXContainerItemProxy section */

/* Begin PBXFileReference section */
		CE0EF5952C18D5ED009CFDCB /* OpenAIManager.swift */ = {isa = PBXFileReference; lastKnownFileType = sourcecode.swift; path = OpenAIManager.swift; sourceTree = "<group>"; };
		CE0EF5972C18D5FF009CFDCB /* OpenAIChatView.swift */ = {isa = PBXFileReference; lastKnownFileType = sourcecode.swift; path = OpenAIChatView.swift; sourceTree = "<group>"; };
		CE1103242BA1F9AD008B0096 /* StudyCard+CoreDataClass.swift */ = {isa = PBXFileReference; lastKnownFileType = sourcecode.swift; name = "StudyCard+CoreDataClass.swift"; path = "../StudyCard+CoreDataClass.swift"; sourceTree = "<group>"; };
		CE1103252BA1F9AD008B0096 /* StudyCard+CoreDataProperties.swift */ = {isa = PBXFileReference; lastKnownFileType = sourcecode.swift; name = "StudyCard+CoreDataProperties.swift"; path = "../StudyCard+CoreDataProperties.swift"; sourceTree = "<group>"; };
		CE2051002B9F98BD0072704E /* FlashcardContent.swift */ = {isa = PBXFileReference; lastKnownFileType = sourcecode.swift; path = FlashcardContent.swift; sourceTree = "<group>"; };
		CE32CDD72C1CE3C900A87202 /* WineFlawData.swift */ = {isa = PBXFileReference; lastKnownFileType = sourcecode.swift; path = WineFlawData.swift; sourceTree = "<group>"; };
		CE32CDDB2C1CE3E400A87202 /* WineFlawDetailView.swift */ = {isa = PBXFileReference; lastKnownFileType = sourcecode.swift; path = WineFlawDetailView.swift; sourceTree = "<group>"; };
		CE32CDDD2C1CE3FD00A87202 /* WineFlawListView.swift */ = {isa = PBXFileReference; lastKnownFileType = sourcecode.swift; path = WineFlawListView.swift; sourceTree = "<group>"; };
		CE32CDE02C1CE5C600A87202 /* FoodWinePairingsListView.swift */ = {isa = PBXFileReference; lastKnownFileType = sourcecode.swift; path = FoodWinePairingsListView.swift; sourceTree = "<group>"; };
		CE32CDE22C1CE5D100A87202 /* FoodWinePairingsData.swift */ = {isa = PBXFileReference; lastKnownFileType = sourcecode.swift; path = FoodWinePairingsData.swift; sourceTree = "<group>"; };
		CE32CDE42C1CE5DD00A87202 /* FoodWinePairingsDetailView.swift */ = {isa = PBXFileReference; lastKnownFileType = sourcecode.swift; path = FoodWinePairingsDetailView.swift; sourceTree = "<group>"; };
		CE64D2772B92ED64009BF1B9 /* MyWinesView.swift */ = {isa = PBXFileReference; lastKnownFileType = sourcecode.swift; path = MyWinesView.swift; sourceTree = "<group>"; };
		CE6ADF2D2B925ED600982366 /* VinoBytes.app */ = {isa = PBXFileReference; explicitFileType = wrapper.application; includeInIndex = 0; path = VinoBytes.app; sourceTree = BUILT_PRODUCTS_DIR; };
		CE6ADF302B925ED600982366 /* VinoDecksApp.swift */ = {isa = PBXFileReference; lastKnownFileType = sourcecode.swift; path = VinoDecksApp.swift; sourceTree = "<group>"; };
		CE6ADF322B925ED600982366 /* ContentView.swift */ = {isa = PBXFileReference; lastKnownFileType = sourcecode.swift; path = ContentView.swift; sourceTree = "<group>"; };
		CE6ADF342B925ED700982366 /* Assets.xcassets */ = {isa = PBXFileReference; lastKnownFileType = folder.assetcatalog; path = Assets.xcassets; sourceTree = "<group>"; };
		CE6ADF372B925ED700982366 /* Preview Assets.xcassets */ = {isa = PBXFileReference; lastKnownFileType = folder.assetcatalog; path = "Preview Assets.xcassets"; sourceTree = "<group>"; };
		CE6ADF392B925ED700982366 /* Persistence.swift */ = {isa = PBXFileReference; lastKnownFileType = sourcecode.swift; path = Persistence.swift; sourceTree = "<group>"; };
		CE6ADF3C2B925ED700982366 /* VinoDecks.xcdatamodel */ = {isa = PBXFileReference; lastKnownFileType = wrapper.xcdatamodel; path = VinoDecks.xcdatamodel; sourceTree = "<group>"; };
		CE6ADF422B925ED700982366 /* VinoBytesTests.xctest */ = {isa = PBXFileReference; explicitFileType = wrapper.cfbundle; includeInIndex = 0; path = VinoBytesTests.xctest; sourceTree = BUILT_PRODUCTS_DIR; };
		CE6ADF462B925ED700982366 /* VinoDecksTests.swift */ = {isa = PBXFileReference; lastKnownFileType = sourcecode.swift; path = VinoDecksTests.swift; sourceTree = "<group>"; };
		CE6ADF4C2B925ED700982366 /* VinoBytesUITests.xctest */ = {isa = PBXFileReference; explicitFileType = wrapper.cfbundle; includeInIndex = 0; path = VinoBytesUITests.xctest; sourceTree = BUILT_PRODUCTS_DIR; };
		CE6ADF502B925ED700982366 /* VinoDecksUITests.swift */ = {isa = PBXFileReference; lastKnownFileType = sourcecode.swift; path = VinoDecksUITests.swift; sourceTree = "<group>"; };
		CE6ADF522B925ED700982366 /* VinoDecksUITestsLaunchTests.swift */ = {isa = PBXFileReference; lastKnownFileType = sourcecode.swift; path = VinoDecksUITestsLaunchTests.swift; sourceTree = "<group>"; };
		CE6ADF5F2B9266D600982366 /* FlashcardView.swift */ = {isa = PBXFileReference; lastKnownFileType = sourcecode.swift; path = FlashcardView.swift; sourceTree = "<group>"; };
		CE6ADF622B9269C400982366 /* CoreData.framework */ = {isa = PBXFileReference; lastKnownFileType = wrapper.framework; name = CoreData.framework; path = System/Library/Frameworks/CoreData.framework; sourceTree = SDKROOT; };
		CE6F73682B93BE8900770B35 /* WineFormView.swift */ = {isa = PBXFileReference; lastKnownFileType = sourcecode.swift; path = WineFormView.swift; sourceTree = "<group>"; };
		CE7B36EA2B94DA58006AFFA0 /* AccountView.swift */ = {isa = PBXFileReference; lastKnownFileType = sourcecode.swift; path = AccountView.swift; sourceTree = "<group>"; };
		CE7B36EE2B96B6F9006AFFA0 /* WineDetailView.swift */ = {isa = PBXFileReference; lastKnownFileType = sourcecode.swift; path = WineDetailView.swift; sourceTree = "<group>"; };
		CE7F35D62BD579710055E6DB /* Wine.swift */ = {isa = PBXFileReference; lastKnownFileType = sourcecode.swift; path = Wine.swift; sourceTree = "<group>"; };
		CE80C1792B9F4F29004EF540 /* Flashcard Model.xcdatamodel */ = {isa = PBXFileReference; lastKnownFileType = wrapper.xcdatamodel; path = "Flashcard Model.xcdatamodel"; sourceTree = "<group>"; };
		CE80C17B2B9F5574004EF540 /* flashcards.json */ = {isa = PBXFileReference; lastKnownFileType = text.json; path = flashcards.json; sourceTree = "<group>"; };
		CE82D2842B98B853002B55F1 /* SearchBar.swift */ = {isa = PBXFileReference; lastKnownFileType = sourcecode.swift; path = SearchBar.swift; sourceTree = "<group>"; };
		CE82D2862B9A1F91002B55F1 /* ImagePicker.swift */ = {isa = PBXFileReference; lastKnownFileType = sourcecode.swift; path = ImagePicker.swift; sourceTree = "<group>"; };
		CE82D2882B9B72CF002B55F1 /* StudyView.swift */ = {isa = PBXFileReference; lastKnownFileType = sourcecode.swift; path = StudyView.swift; sourceTree = "<group>"; };
		CE94AAF02C0D3957004CE8E0 /* ReferenceMainView.swift */ = {isa = PBXFileReference; lastKnownFileType = sourcecode.swift; path = ReferenceMainView.swift; sourceTree = "<group>"; };
		CE94AAF32C0D39DE004CE8E0 /* GrapeDetailView.swift */ = {isa = PBXFileReference; lastKnownFileType = sourcecode.swift; path = GrapeDetailView.swift; sourceTree = "<group>"; };
		CE94AAF52C0D421E004CE8E0 /* GrapeListView.swift */ = {isa = PBXFileReference; lastKnownFileType = sourcecode.swift; path = GrapeListView.swift; sourceTree = "<group>"; };
		CE94AAF72C0D444E004CE8E0 /* Grape.swift */ = {isa = PBXFileReference; lastKnownFileType = sourcecode.swift; path = Grape.swift; sourceTree = "<group>"; };
		CE94AAF92C0D502D004CE8E0 /* GrapeData.swift */ = {isa = PBXFileReference; lastKnownFileType = sourcecode.swift; path = GrapeData.swift; sourceTree = "<group>"; };
		CE94AAFB2C0E2547004CE8E0 /* RegionListView.swift */ = {isa = PBXFileReference; lastKnownFileType = sourcecode.swift; path = RegionListView.swift; sourceTree = "<group>"; };
		CE94AAFD2C0E279F004CE8E0 /* RegionData.swift */ = {isa = PBXFileReference; lastKnownFileType = sourcecode.swift; path = RegionData.swift; sourceTree = "<group>"; };
		CE94AAFF2C0E27FC004CE8E0 /* RegionDetailView.swift */ = {isa = PBXFileReference; lastKnownFileType = sourcecode.swift; path = RegionDetailView.swift; sourceTree = "<group>"; };
		CE94AB062C0E3624004CE8E0 /* WineGlossaryListView.swift */ = {isa = PBXFileReference; lastKnownFileType = sourcecode.swift; path = WineGlossaryListView.swift; sourceTree = "<group>"; };
		CE94AB092C0E3645004CE8E0 /* WineGlossaryDetailView.swift */ = {isa = PBXFileReference; lastKnownFileType = sourcecode.swift; path = WineGlossaryDetailView.swift; sourceTree = "<group>"; };
		CE94AB0B2C0E3675004CE8E0 /* WineGlossaryData.swift */ = {isa = PBXFileReference; lastKnownFileType = sourcecode.swift; path = WineGlossaryData.swift; sourceTree = "<group>"; };
		CE94AB0E2C0E6FDA004CE8E0 /* WineLawData.swift */ = {isa = PBXFileReference; lastKnownFileType = sourcecode.swift; path = WineLawData.swift; sourceTree = "<group>"; };
		CE94AB102C0E6FE8004CE8E0 /* WineLawListView.swift */ = {isa = PBXFileReference; lastKnownFileType = sourcecode.swift; path = WineLawListView.swift; sourceTree = "<group>"; };
		CE94AB122C0E6FF6004CE8E0 /* WineLawDetailView.swift */ = {isa = PBXFileReference; lastKnownFileType = sourcecode.swift; path = WineLawDetailView.swift; sourceTree = "<group>"; };
		CEA304E92BA3DDFC00DD010D /* ActivityViewController.swift */ = {isa = PBXFileReference; lastKnownFileType = sourcecode.swift; path = ActivityViewController.swift; sourceTree = "<group>"; };
		CECB7A612BACB69200659CB6 /* WelcomeView.swift */ = {isa = PBXFileReference; lastKnownFileType = sourcecode.swift; path = WelcomeView.swift; sourceTree = "<group>"; };
		CECB7A652BACC50600659CB6 /* ContactFormView.swift */ = {isa = PBXFileReference; lastKnownFileType = sourcecode.swift; path = ContactFormView.swift; sourceTree = "<group>"; };
		CED0F8BE2B93DE9500508E6E /* BlogPostView.swift */ = {isa = PBXFileReference; lastKnownFileType = sourcecode.swift; path = BlogPostView.swift; sourceTree = "<group>"; };
		CED380D72BB5E18400CAFB29 /* DashboardView.swift */ = {isa = PBXFileReference; lastKnownFileType = sourcecode.swift; path = DashboardView.swift; sourceTree = "<group>"; };
		CED380D92BB70E1500CAFB29 /* WineData.swift */ = {isa = PBXFileReference; lastKnownFileType = sourcecode.swift; path = WineData.swift; sourceTree = "<group>"; };
		CED380DE2BB756A400CAFB29 /* ContentfulManager.swift */ = {isa = PBXFileReference; lastKnownFileType = sourcecode.swift; path = ContentfulManager.swift; sourceTree = "<group>"; };
		CEE07EFC2C1A70450088F94C /* ConversationHistoryView.swift */ = {isa = PBXFileReference; lastKnownFileType = sourcecode.swift; path = ConversationHistoryView.swift; sourceTree = "<group>"; };
		CEE07EFE2C1A71C40088F94C /* ReadOnlyConversationView.swift */ = {isa = PBXFileReference; lastKnownFileType = sourcecode.swift; path = ReadOnlyConversationView.swift; sourceTree = "<group>"; };
/* End PBXFileReference section */

/* Begin PBXFrameworksBuildPhase section */
		CE6ADF2A2B925ED600982366 /* Frameworks */ = {
			isa = PBXFrameworksBuildPhase;
			buildActionMask = 2147483647;
			files = (
				CED380DD2BB755BB00CAFB29 /* Contentful in Frameworks */,
				CE21266D2BB86FC30058DCC4 /* ContentfulRichTextRenderer in Frameworks */,
				CE6ADF632B9269C400982366 /* CoreData.framework in Frameworks */,
			);
			runOnlyForDeploymentPostprocessing = 0;
		};
		CE6ADF3F2B925ED700982366 /* Frameworks */ = {
			isa = PBXFrameworksBuildPhase;
			buildActionMask = 2147483647;
			files = (
			);
			runOnlyForDeploymentPostprocessing = 0;
		};
		CE6ADF492B925ED700982366 /* Frameworks */ = {
			isa = PBXFrameworksBuildPhase;
			buildActionMask = 2147483647;
			files = (
			);
			runOnlyForDeploymentPostprocessing = 0;
		};
/* End PBXFrameworksBuildPhase section */

/* Begin PBXGroup section */
		CE0EF5942C18D5A8009CFDCB /* OpenAI */ = {
			isa = PBXGroup;
			children = (
				CE0EF5952C18D5ED009CFDCB /* OpenAIManager.swift */,
				CE0EF5972C18D5FF009CFDCB /* OpenAIChatView.swift */,
				CEE07EFC2C1A70450088F94C /* ConversationHistoryView.swift */,
				CEE07EFE2C1A71C40088F94C /* ReadOnlyConversationView.swift */,
			);
			path = OpenAI;
			sourceTree = "<group>";
		};
		CE32CDD62C1CE39200A87202 /* WineFlaws */ = {
			isa = PBXGroup;
			children = (
				CE32CDD72C1CE3C900A87202 /* WineFlawData.swift */,
				CE32CDDD2C1CE3FD00A87202 /* WineFlawListView.swift */,
				CE32CDDB2C1CE3E400A87202 /* WineFlawDetailView.swift */,
			);
			path = WineFlaws;
			sourceTree = "<group>";
		};
		CE32CDDF2C1CE59E00A87202 /* FoodWinePairings */ = {
			isa = PBXGroup;
			children = (
				CE32CDE22C1CE5D100A87202 /* FoodWinePairingsData.swift */,
				CE32CDE02C1CE5C600A87202 /* FoodWinePairingsListView.swift */,
				CE32CDE42C1CE5DD00A87202 /* FoodWinePairingsDetailView.swift */,
			);
			path = FoodWinePairings;
			sourceTree = "<group>";
		};
		CE6ADF242B925ED600982366 = {
			isa = PBXGroup;
			children = (
				CE6ADF2F2B925ED600982366 /* VinoBytes */,
				CE6ADF452B925ED700982366 /* VinoDecksTests */,
				CE6ADF4F2B925ED700982366 /* VinoDecksUITests */,
				CE6ADF2E2B925ED600982366 /* Products */,
				CE6ADF612B9269C400982366 /* Frameworks */,
			);
			sourceTree = "<group>";
		};
		CE6ADF2E2B925ED600982366 /* Products */ = {
			isa = PBXGroup;
			children = (
				CE6ADF2D2B925ED600982366 /* VinoBytes.app */,
				CE6ADF422B925ED700982366 /* VinoBytesTests.xctest */,
				CE6ADF4C2B925ED700982366 /* VinoBytesUITests.xctest */,
			);
			name = Products;
			sourceTree = "<group>";
		};
		CE6ADF2F2B925ED600982366 /* VinoBytes */ = {
			isa = PBXGroup;
			children = (
				CE7F35D82BD57B210055E6DB /* Common */,
				CECB7A612BACB69200659CB6 /* WelcomeView.swift */,
				CED380D72BB5E18400CAFB29 /* DashboardView.swift */,
				CE6ADF302B925ED600982366 /* VinoDecksApp.swift */,
				CE6ADF322B925ED600982366 /* ContentView.swift */,
				CE6ADF392B925ED700982366 /* Persistence.swift */,
				CE7B36EA2B94DA58006AFFA0 /* AccountView.swift */,
				CECB7A652BACC50600659CB6 /* ContactFormView.swift */,
				CED380DE2BB756A400CAFB29 /* ContentfulManager.swift */,
				CED0F8BE2B93DE9500508E6E /* BlogPostView.swift */,
				CE0EF5942C18D5A8009CFDCB /* OpenAI */,
				CE94AAF22C0D3961004CE8E0 /* Reference */,
				CE7879F72BA0B16200CB0E97 /* My Wines */,
				CE7879F82BA0B18E00CB0E97 /* Flashcard */,
				CE80C1782B9F4F29004EF540 /* StudyCardModel.xcdatamodeld */,
				CE6ADF3B2B925ED700982366 /* VinoDecks.xcdatamodeld */,
				CE6ADF342B925ED700982366 /* Assets.xcassets */,
				CE6ADF362B925ED700982366 /* Preview Content */,
			);
			path = VinoBytes;
			sourceTree = "<group>";
		};
		CE6ADF362B925ED700982366 /* Preview Content */ = {
			isa = PBXGroup;
			children = (
				CE6ADF372B925ED700982366 /* Preview Assets.xcassets */,
			);
			path = "Preview Content";
			sourceTree = "<group>";
		};
		CE6ADF452B925ED700982366 /* VinoDecksTests */ = {
			isa = PBXGroup;
			children = (
				CE6ADF462B925ED700982366 /* VinoDecksTests.swift */,
			);
			name = VinoDecksTests;
			path = VinoBytesTests;
			sourceTree = "<group>";
		};
		CE6ADF4F2B925ED700982366 /* VinoDecksUITests */ = {
			isa = PBXGroup;
			children = (
				CE6ADF502B925ED700982366 /* VinoDecksUITests.swift */,
				CE6ADF522B925ED700982366 /* VinoDecksUITestsLaunchTests.swift */,
			);
			name = VinoDecksUITests;
			path = VinoBytesUITests;
			sourceTree = "<group>";
		};
		CE6ADF612B9269C400982366 /* Frameworks */ = {
			isa = PBXGroup;
			children = (
				CE6ADF622B9269C400982366 /* CoreData.framework */,
			);
			name = Frameworks;
			sourceTree = "<group>";
		};
		CE7879F72BA0B16200CB0E97 /* My Wines */ = {
			isa = PBXGroup;
			children = (
				CE64D2772B92ED64009BF1B9 /* MyWinesView.swift */,
				CE6F73682B93BE8900770B35 /* WineFormView.swift */,
				CE7B36EE2B96B6F9006AFFA0 /* WineDetailView.swift */,
				CED380D92BB70E1500CAFB29 /* WineData.swift */,
				CE82D2842B98B853002B55F1 /* SearchBar.swift */,
				CE82D2862B9A1F91002B55F1 /* ImagePicker.swift */,
				CEA304E92BA3DDFC00DD010D /* ActivityViewController.swift */,
			);
			path = "My Wines";
			sourceTree = "<group>";
		};
		CE7879F82BA0B18E00CB0E97 /* Flashcard */ = {
			isa = PBXGroup;
			children = (
				CE1103252BA1F9AD008B0096 /* StudyCard+CoreDataProperties.swift */,
				CE1103242BA1F9AD008B0096 /* StudyCard+CoreDataClass.swift */,
				CE2051002B9F98BD0072704E /* FlashcardContent.swift */,
				CE6ADF5F2B9266D600982366 /* FlashcardView.swift */,
				CE82D2882B9B72CF002B55F1 /* StudyView.swift */,
				CE80C17B2B9F5574004EF540 /* flashcards.json */,
			);
			path = Flashcard;
			sourceTree = "<group>";
		};
		CE7F35D82BD57B210055E6DB /* Common */ = {
			isa = PBXGroup;
			children = (
				CE7F35D92BD57B8A0055E6DB /* Struct */,
			);
			path = Common;
			sourceTree = "<group>";
		};
		CE7F35D92BD57B8A0055E6DB /* Struct */ = {
			isa = PBXGroup;
			children = (
				CE7F35D62BD579710055E6DB /* Wine.swift */,
				CE94AAF72C0D444E004CE8E0 /* Grape.swift */,
			);
			path = Struct;
			sourceTree = "<group>";
		};
		CE94AAF22C0D3961004CE8E0 /* Reference */ = {
			isa = PBXGroup;
			children = (
				CE94AAF02C0D3957004CE8E0 /* ReferenceMainView.swift */,
				CE32CDDF2C1CE59E00A87202 /* FoodWinePairings */,
				CE32CDD62C1CE39200A87202 /* WineFlaws */,
				CE94AB0D2C0E6FB4004CE8E0 /* WineLaw */,
				CE94AB012C0E2836004CE8E0 /* Grapes */,
				CE94AB022C0E2855004CE8E0 /* Regions */,
				CE94AB052C0E35D2004CE8E0 /* Glossary */,
			);
			path = Reference;
			sourceTree = "<group>";
		};
		CE94AB012C0E2836004CE8E0 /* Grapes */ = {
			isa = PBXGroup;
			children = (
				CE94AAF92C0D502D004CE8E0 /* GrapeData.swift */,
				CE94AAF52C0D421E004CE8E0 /* GrapeListView.swift */,
				CE94AAF32C0D39DE004CE8E0 /* GrapeDetailView.swift */,
			);
			path = Grapes;
			sourceTree = "<group>";
		};
		CE94AB022C0E2855004CE8E0 /* Regions */ = {
			isa = PBXGroup;
			children = (
				CE94AAFD2C0E279F004CE8E0 /* RegionData.swift */,
				CE94AAFB2C0E2547004CE8E0 /* RegionListView.swift */,
				CE94AAFF2C0E27FC004CE8E0 /* RegionDetailView.swift */,
			);
			path = Regions;
			sourceTree = "<group>";
		};
		CE94AB052C0E35D2004CE8E0 /* Glossary */ = {
			isa = PBXGroup;
			children = (
				CE94AB0B2C0E3675004CE8E0 /* WineGlossaryData.swift */,
				CE94AB062C0E3624004CE8E0 /* WineGlossaryListView.swift */,
				CE94AB092C0E3645004CE8E0 /* WineGlossaryDetailView.swift */,
			);
			path = Glossary;
			sourceTree = "<group>";
		};
		CE94AB0D2C0E6FB4004CE8E0 /* WineLaw */ = {
			isa = PBXGroup;
			children = (
				CE94AB0E2C0E6FDA004CE8E0 /* WineLawData.swift */,
				CE94AB102C0E6FE8004CE8E0 /* WineLawListView.swift */,
				CE94AB122C0E6FF6004CE8E0 /* WineLawDetailView.swift */,
			);
			path = WineLaw;
			sourceTree = "<group>";
		};
/* End PBXGroup section */

/* Begin PBXNativeTarget section */
		CE6ADF2C2B925ED600982366 /* VinoBytes */ = {
			isa = PBXNativeTarget;
			buildConfigurationList = CE6ADF562B925ED700982366 /* Build configuration list for PBXNativeTarget "VinoBytes" */;
			buildPhases = (
				CE6ADF292B925ED600982366 /* Sources */,
				CE6ADF2A2B925ED600982366 /* Frameworks */,
				CE6ADF2B2B925ED600982366 /* Resources */,
			);
			buildRules = (
			);
			dependencies = (
			);
			name = VinoBytes;
			packageProductDependencies = (
				CED380DC2BB755BB00CAFB29 /* Contentful */,
				CE21266C2BB86FC30058DCC4 /* ContentfulRichTextRenderer */,
			);
			productName = VinoDecks;
			productReference = CE6ADF2D2B925ED600982366 /* VinoBytes.app */;
			productType = "com.apple.product-type.application";
		};
		CE6ADF412B925ED700982366 /* VinoBytesTests */ = {
			isa = PBXNativeTarget;
			buildConfigurationList = CE6ADF592B925ED700982366 /* Build configuration list for PBXNativeTarget "VinoBytesTests" */;
			buildPhases = (
				CE6ADF3E2B925ED700982366 /* Sources */,
				CE6ADF3F2B925ED700982366 /* Frameworks */,
				CE6ADF402B925ED700982366 /* Resources */,
			);
			buildRules = (
			);
			dependencies = (
				CE6ADF442B925ED700982366 /* PBXTargetDependency */,
			);
			name = VinoBytesTests;
			productName = VinoDecksTests;
			productReference = CE6ADF422B925ED700982366 /* VinoBytesTests.xctest */;
			productType = "com.apple.product-type.bundle.unit-test";
		};
		CE6ADF4B2B925ED700982366 /* VinoBytesUITests */ = {
			isa = PBXNativeTarget;
			buildConfigurationList = CE6ADF5C2B925ED700982366 /* Build configuration list for PBXNativeTarget "VinoBytesUITests" */;
			buildPhases = (
				CE6ADF482B925ED700982366 /* Sources */,
				CE6ADF492B925ED700982366 /* Frameworks */,
				CE6ADF4A2B925ED700982366 /* Resources */,
			);
			buildRules = (
			);
			dependencies = (
				CE6ADF4E2B925ED700982366 /* PBXTargetDependency */,
			);
			name = VinoBytesUITests;
			productName = VinoDecksUITests;
			productReference = CE6ADF4C2B925ED700982366 /* VinoBytesUITests.xctest */;
			productType = "com.apple.product-type.bundle.ui-testing";
		};
/* End PBXNativeTarget section */

/* Begin PBXProject section */
		CE6ADF252B925ED600982366 /* Project object */ = {
			isa = PBXProject;
			attributes = {
				BuildIndependentTargetsInParallel = 1;
				LastSwiftUpdateCheck = 1520;
				LastUpgradeCheck = 1520;
				TargetAttributes = {
					CE6ADF2C2B925ED600982366 = {
						CreatedOnToolsVersion = 15.2;
					};
					CE6ADF412B925ED700982366 = {
						CreatedOnToolsVersion = 15.2;
						TestTargetID = CE6ADF2C2B925ED600982366;
					};
					CE6ADF4B2B925ED700982366 = {
						CreatedOnToolsVersion = 15.2;
						TestTargetID = CE6ADF2C2B925ED600982366;
					};
				};
			};
			buildConfigurationList = CE6ADF282B925ED600982366 /* Build configuration list for PBXProject "VinoBytes" */;
			compatibilityVersion = "Xcode 14.0";
			developmentRegion = en;
			hasScannedForEncodings = 0;
			knownRegions = (
				en,
				Base,
			);
			mainGroup = CE6ADF242B925ED600982366;
			packageReferences = (
				CED380DB2BB755BB00CAFB29 /* XCRemoteSwiftPackageReference "contentful" */,
				CE21266B2BB86FC30058DCC4 /* XCRemoteSwiftPackageReference "rich-text-renderer" */,
			);
			productRefGroup = CE6ADF2E2B925ED600982366 /* Products */;
			projectDirPath = "";
			projectRoot = "";
			targets = (
				CE6ADF2C2B925ED600982366 /* VinoBytes */,
				CE6ADF412B925ED700982366 /* VinoBytesTests */,
				CE6ADF4B2B925ED700982366 /* VinoBytesUITests */,
			);
		};
/* End PBXProject section */

/* Begin PBXResourcesBuildPhase section */
		CE6ADF2B2B925ED600982366 /* Resources */ = {
			isa = PBXResourcesBuildPhase;
			buildActionMask = 2147483647;
			files = (
				CE6ADF382B925ED700982366 /* Preview Assets.xcassets in Resources */,
				CE80C17C2B9F5574004EF540 /* flashcards.json in Resources */,
				CE6ADF352B925ED700982366 /* Assets.xcassets in Resources */,
			);
			runOnlyForDeploymentPostprocessing = 0;
		};
		CE6ADF402B925ED700982366 /* Resources */ = {
			isa = PBXResourcesBuildPhase;
			buildActionMask = 2147483647;
			files = (
			);
			runOnlyForDeploymentPostprocessing = 0;
		};
		CE6ADF4A2B925ED700982366 /* Resources */ = {
			isa = PBXResourcesBuildPhase;
			buildActionMask = 2147483647;
			files = (
			);
			runOnlyForDeploymentPostprocessing = 0;
		};
/* End PBXResourcesBuildPhase section */

/* Begin PBXSourcesBuildPhase section */
		CE6ADF292B925ED600982366 /* Sources */ = {
			isa = PBXSourcesBuildPhase;
			buildActionMask = 2147483647;
			files = (
				CE82D2852B98B853002B55F1 /* SearchBar.swift in Sources */,
				CEE07EFD2C1A70450088F94C /* ConversationHistoryView.swift in Sources */,
				CE32CDE52C1CE5DD00A87202 /* FoodWinePairingsDetailView.swift in Sources */,
				CE94AAF82C0D444E004CE8E0 /* Grape.swift in Sources */,
				CED0F8BF2B93DE9500508E6E /* BlogPostView.swift in Sources */,
				CE94AB002C0E27FC004CE8E0 /* RegionDetailView.swift in Sources */,
				CED380DF2BB756A400CAFB29 /* ContentfulManager.swift in Sources */,
				CE32CDDC2C1CE3E400A87202 /* WineFlawDetailView.swift in Sources */,
				CEA304EA2BA3DDFC00DD010D /* ActivityViewController.swift in Sources */,
				CE32CDE32C1CE5D100A87202 /* FoodWinePairingsData.swift in Sources */,
				CEE07EFF2C1A71C40088F94C /* ReadOnlyConversationView.swift in Sources */,
				CE0EF5982C18D5FF009CFDCB /* OpenAIChatView.swift in Sources */,
				CE64D2782B92ED64009BF1B9 /* MyWinesView.swift in Sources */,
				CE94AAF62C0D421E004CE8E0 /* GrapeListView.swift in Sources */,
				CE82D2872B9A1F91002B55F1 /* ImagePicker.swift in Sources */,
				CE94AAFC2C0E2547004CE8E0 /* RegionListView.swift in Sources */,
				CE0EF5962C18D5ED009CFDCB /* OpenAIManager.swift in Sources */,
				CE1103272BA1F9AD008B0096 /* StudyCard+CoreDataProperties.swift in Sources */,
				CE32CDD82C1CE3C900A87202 /* WineFlawData.swift in Sources */,
				CE94AAFA2C0D502D004CE8E0 /* GrapeData.swift in Sources */,
				CE2051012B9F98BD0072704E /* FlashcardContent.swift in Sources */,
				CE82D2892B9B72CF002B55F1 /* StudyView.swift in Sources */,
				CE32CDE12C1CE5C600A87202 /* FoodWinePairingsListView.swift in Sources */,
				CED380D82BB5E18400CAFB29 /* DashboardView.swift in Sources */,
				CE1103262BA1F9AD008B0096 /* StudyCard+CoreDataClass.swift in Sources */,
				CED380DA2BB70E1500CAFB29 /* WineData.swift in Sources */,
				CE94AB132C0E6FF6004CE8E0 /* WineLawDetailView.swift in Sources */,
				CE6ADF3D2B925ED700982366 /* VinoDecks.xcdatamodeld in Sources */,
				CECB7A662BACC50600659CB6 /* ContactFormView.swift in Sources */,
				CE7B36EF2B96B6F9006AFFA0 /* WineDetailView.swift in Sources */,
				CE6ADF602B9266D600982366 /* FlashcardView.swift in Sources */,
				CE80C17A2B9F4F29004EF540 /* StudyCardModel.xcdatamodeld in Sources */,
				CECB7A622BACB69200659CB6 /* WelcomeView.swift in Sources */,
				CE7B36EB2B94DA58006AFFA0 /* AccountView.swift in Sources */,
				CE6ADF3A2B925ED700982366 /* Persistence.swift in Sources */,
				CE94AB0F2C0E6FDA004CE8E0 /* WineLawData.swift in Sources */,
				CE6ADF332B925ED600982366 /* ContentView.swift in Sources */,
				CE94AB112C0E6FE8004CE8E0 /* WineLawListView.swift in Sources */,
				CE94AAFE2C0E279F004CE8E0 /* RegionData.swift in Sources */,
				CE32CDDE2C1CE3FD00A87202 /* WineFlawListView.swift in Sources */,
				CE94AAF12C0D3957004CE8E0 /* ReferenceMainView.swift in Sources */,
				CE94AB0A2C0E3645004CE8E0 /* WineGlossaryDetailView.swift in Sources */,
				CE6ADF312B925ED600982366 /* VinoDecksApp.swift in Sources */,
				CE7F35D72BD579710055E6DB /* Wine.swift in Sources */,
				CE6F73692B93BE8900770B35 /* WineFormView.swift in Sources */,
				CE94AAF42C0D39DE004CE8E0 /* GrapeDetailView.swift in Sources */,
				CE94AB072C0E3624004CE8E0 /* WineGlossaryListView.swift in Sources */,
				CE94AB0C2C0E3675004CE8E0 /* WineGlossaryData.swift in Sources */,
			);
			runOnlyForDeploymentPostprocessing = 0;
		};
		CE6ADF3E2B925ED700982366 /* Sources */ = {
			isa = PBXSourcesBuildPhase;
			buildActionMask = 2147483647;
			files = (
				CE6ADF472B925ED700982366 /* VinoDecksTests.swift in Sources */,
			);
			runOnlyForDeploymentPostprocessing = 0;
		};
		CE6ADF482B925ED700982366 /* Sources */ = {
			isa = PBXSourcesBuildPhase;
			buildActionMask = 2147483647;
			files = (
				CE6ADF512B925ED700982366 /* VinoDecksUITests.swift in Sources */,
				CE6ADF532B925ED700982366 /* VinoDecksUITestsLaunchTests.swift in Sources */,
			);
			runOnlyForDeploymentPostprocessing = 0;
		};
/* End PBXSourcesBuildPhase section */

/* Begin PBXTargetDependency section */
		CE6ADF442B925ED700982366 /* PBXTargetDependency */ = {
			isa = PBXTargetDependency;
			target = CE6ADF2C2B925ED600982366 /* VinoBytes */;
			targetProxy = CE6ADF432B925ED700982366 /* PBXContainerItemProxy */;
		};
		CE6ADF4E2B925ED700982366 /* PBXTargetDependency */ = {
			isa = PBXTargetDependency;
			target = CE6ADF2C2B925ED600982366 /* VinoBytes */;
			targetProxy = CE6ADF4D2B925ED700982366 /* PBXContainerItemProxy */;
		};
/* End PBXTargetDependency section */

/* Begin XCBuildConfiguration section */
		CE6ADF542B925ED700982366 /* Debug */ = {
			isa = XCBuildConfiguration;
			buildSettings = {
				ALWAYS_SEARCH_USER_PATHS = NO;
				ASSETCATALOG_COMPILER_GENERATE_SWIFT_ASSET_SYMBOL_EXTENSIONS = YES;
				CLANG_ANALYZER_NONNULL = YES;
				CLANG_ANALYZER_NUMBER_OBJECT_CONVERSION = YES_AGGRESSIVE;
				CLANG_CXX_LANGUAGE_STANDARD = "gnu++20";
				CLANG_ENABLE_MODULES = YES;
				CLANG_ENABLE_OBJC_ARC = YES;
				CLANG_ENABLE_OBJC_WEAK = YES;
				CLANG_WARN_BLOCK_CAPTURE_AUTORELEASING = YES;
				CLANG_WARN_BOOL_CONVERSION = YES;
				CLANG_WARN_COMMA = YES;
				CLANG_WARN_CONSTANT_CONVERSION = YES;
				CLANG_WARN_DEPRECATED_OBJC_IMPLEMENTATIONS = YES;
				CLANG_WARN_DIRECT_OBJC_ISA_USAGE = YES_ERROR;
				CLANG_WARN_DOCUMENTATION_COMMENTS = YES;
				CLANG_WARN_EMPTY_BODY = YES;
				CLANG_WARN_ENUM_CONVERSION = YES;
				CLANG_WARN_INFINITE_RECURSION = YES;
				CLANG_WARN_INT_CONVERSION = YES;
				CLANG_WARN_NON_LITERAL_NULL_CONVERSION = YES;
				CLANG_WARN_OBJC_IMPLICIT_RETAIN_SELF = YES;
				CLANG_WARN_OBJC_LITERAL_CONVERSION = YES;
				CLANG_WARN_OBJC_ROOT_CLASS = YES_ERROR;
				CLANG_WARN_QUOTED_INCLUDE_IN_FRAMEWORK_HEADER = YES;
				CLANG_WARN_RANGE_LOOP_ANALYSIS = YES;
				CLANG_WARN_STRICT_PROTOTYPES = YES;
				CLANG_WARN_SUSPICIOUS_MOVE = YES;
				CLANG_WARN_UNGUARDED_AVAILABILITY = YES_AGGRESSIVE;
				CLANG_WARN_UNREACHABLE_CODE = YES;
				CLANG_WARN__DUPLICATE_METHOD_MATCH = YES;
				COPY_PHASE_STRIP = NO;
				DEBUG_INFORMATION_FORMAT = dwarf;
				ENABLE_STRICT_OBJC_MSGSEND = YES;
				ENABLE_TESTABILITY = YES;
				ENABLE_USER_SCRIPT_SANDBOXING = YES;
				GCC_C_LANGUAGE_STANDARD = gnu17;
				GCC_DYNAMIC_NO_PIC = NO;
				GCC_NO_COMMON_BLOCKS = YES;
				GCC_OPTIMIZATION_LEVEL = 0;
				GCC_PREPROCESSOR_DEFINITIONS = (
					"DEBUG=1",
					"$(inherited)",
				);
				GCC_WARN_64_TO_32_BIT_CONVERSION = YES;
				GCC_WARN_ABOUT_RETURN_TYPE = YES_ERROR;
				GCC_WARN_UNDECLARED_SELECTOR = YES;
				GCC_WARN_UNINITIALIZED_AUTOS = YES_AGGRESSIVE;
				GCC_WARN_UNUSED_FUNCTION = YES;
				GCC_WARN_UNUSED_VARIABLE = YES;
				IPHONEOS_DEPLOYMENT_TARGET = 17.2;
				LOCALIZATION_PREFERS_STRING_CATALOGS = YES;
				MTL_ENABLE_DEBUG_INFO = INCLUDE_SOURCE;
				MTL_FAST_MATH = YES;
				ONLY_ACTIVE_ARCH = YES;
				SDKROOT = iphoneos;
				SWIFT_ACTIVE_COMPILATION_CONDITIONS = "DEBUG $(inherited)";
				SWIFT_OPTIMIZATION_LEVEL = "-Onone";
			};
			name = Debug;
		};
		CE6ADF552B925ED700982366 /* Release */ = {
			isa = XCBuildConfiguration;
			buildSettings = {
				ALWAYS_SEARCH_USER_PATHS = NO;
				ASSETCATALOG_COMPILER_GENERATE_SWIFT_ASSET_SYMBOL_EXTENSIONS = YES;
				CLANG_ANALYZER_NONNULL = YES;
				CLANG_ANALYZER_NUMBER_OBJECT_CONVERSION = YES_AGGRESSIVE;
				CLANG_CXX_LANGUAGE_STANDARD = "gnu++20";
				CLANG_ENABLE_MODULES = YES;
				CLANG_ENABLE_OBJC_ARC = YES;
				CLANG_ENABLE_OBJC_WEAK = YES;
				CLANG_WARN_BLOCK_CAPTURE_AUTORELEASING = YES;
				CLANG_WARN_BOOL_CONVERSION = YES;
				CLANG_WARN_COMMA = YES;
				CLANG_WARN_CONSTANT_CONVERSION = YES;
				CLANG_WARN_DEPRECATED_OBJC_IMPLEMENTATIONS = YES;
				CLANG_WARN_DIRECT_OBJC_ISA_USAGE = YES_ERROR;
				CLANG_WARN_DOCUMENTATION_COMMENTS = YES;
				CLANG_WARN_EMPTY_BODY = YES;
				CLANG_WARN_ENUM_CONVERSION = YES;
				CLANG_WARN_INFINITE_RECURSION = YES;
				CLANG_WARN_INT_CONVERSION = YES;
				CLANG_WARN_NON_LITERAL_NULL_CONVERSION = YES;
				CLANG_WARN_OBJC_IMPLICIT_RETAIN_SELF = YES;
				CLANG_WARN_OBJC_LITERAL_CONVERSION = YES;
				CLANG_WARN_OBJC_ROOT_CLASS = YES_ERROR;
				CLANG_WARN_QUOTED_INCLUDE_IN_FRAMEWORK_HEADER = YES;
				CLANG_WARN_RANGE_LOOP_ANALYSIS = YES;
				CLANG_WARN_STRICT_PROTOTYPES = YES;
				CLANG_WARN_SUSPICIOUS_MOVE = YES;
				CLANG_WARN_UNGUARDED_AVAILABILITY = YES_AGGRESSIVE;
				CLANG_WARN_UNREACHABLE_CODE = YES;
				CLANG_WARN__DUPLICATE_METHOD_MATCH = YES;
				COPY_PHASE_STRIP = NO;
				DEBUG_INFORMATION_FORMAT = "dwarf-with-dsym";
				ENABLE_NS_ASSERTIONS = NO;
				ENABLE_STRICT_OBJC_MSGSEND = YES;
				ENABLE_USER_SCRIPT_SANDBOXING = YES;
				GCC_C_LANGUAGE_STANDARD = gnu17;
				GCC_NO_COMMON_BLOCKS = YES;
				GCC_WARN_64_TO_32_BIT_CONVERSION = YES;
				GCC_WARN_ABOUT_RETURN_TYPE = YES_ERROR;
				GCC_WARN_UNDECLARED_SELECTOR = YES;
				GCC_WARN_UNINITIALIZED_AUTOS = YES_AGGRESSIVE;
				GCC_WARN_UNUSED_FUNCTION = YES;
				GCC_WARN_UNUSED_VARIABLE = YES;
				IPHONEOS_DEPLOYMENT_TARGET = 17.2;
				LOCALIZATION_PREFERS_STRING_CATALOGS = YES;
				MTL_ENABLE_DEBUG_INFO = NO;
				MTL_FAST_MATH = YES;
				SDKROOT = iphoneos;
				SWIFT_COMPILATION_MODE = wholemodule;
				VALIDATE_PRODUCT = YES;
			};
			name = Release;
		};
		CE6ADF572B925ED700982366 /* Debug */ = {
			isa = XCBuildConfiguration;
			buildSettings = {
				ASSETCATALOG_COMPILER_APPICON_NAME = AppIcon;
				ASSETCATALOG_COMPILER_GLOBAL_ACCENT_COLOR_NAME = AccentColor;
				CODE_SIGN_STYLE = Automatic;
				CURRENT_PROJECT_VERSION = 1;
				DEVELOPMENT_ASSET_PATHS = "\"VinoBytes/Preview Content\"";
				DEVELOPMENT_TEAM = PPKQZNXSX8;
				ENABLE_PREVIEWS = YES;
				GENERATE_INFOPLIST_FILE = YES;
				INFOPLIST_KEY_LSApplicationCategoryType = "";
				INFOPLIST_KEY_NSCameraUsageDescription = "This app needs access to the camera to allow users to take photos of their wines.\n                if isEditing {\n                    Button(action: {\n                        isShowingImagePicker = true\n                    }) {\n                        if let image = editedWine.image {\n                            Image(uiImage: image)\n                                .resizable()\n                                .scaledToFit()\n                        } else {\n                            Text(\"Select Image\")\n                        }\n                    }\n                    .sheet(isPresented: $isShowingImagePicker) {\n                        ImagePicker(selectedImage: $editedWine.image)\n                    }\n                } else {\n                    if let image = wine.image {\n                        Image(uiImage: image)\n                            .resizable()\n                            .scaledToFit()\n                    } else {\n                        Text(\"No Image Available\")\n                    }\n                }\n            }";
				INFOPLIST_KEY_NSPhotoLibraryUsageDescription = "We need access to your photo library to select images for your wines.";
				INFOPLIST_KEY_UIApplicationSceneManifest_Generation = YES;
				INFOPLIST_KEY_UIApplicationSupportsIndirectInputEvents = YES;
				INFOPLIST_KEY_UILaunchScreen_Generation = YES;
				INFOPLIST_KEY_UISupportedInterfaceOrientations_iPad = "UIInterfaceOrientationPortrait UIInterfaceOrientationPortraitUpsideDown UIInterfaceOrientationLandscapeLeft UIInterfaceOrientationLandscapeRight";
				INFOPLIST_KEY_UISupportedInterfaceOrientations_iPhone = "UIInterfaceOrientationPortrait UIInterfaceOrientationLandscapeLeft UIInterfaceOrientationLandscapeRight";
				LD_RUNPATH_SEARCH_PATHS = (
					"$(inherited)",
					"@executable_path/Frameworks",
				);
				MARKETING_VERSION = 1.0;
				PRODUCT_BUNDLE_IDENTIFIER = com.loganrausch.VinoBytesTesting;
				PRODUCT_NAME = "$(TARGET_NAME)";
				SWIFT_EMIT_LOC_STRINGS = YES;
				SWIFT_VERSION = 5.0;
				TARGETED_DEVICE_FAMILY = "1,2";
			};
			name = Debug;
		};
		CE6ADF582B925ED700982366 /* Release */ = {
			isa = XCBuildConfiguration;
			buildSettings = {
				ASSETCATALOG_COMPILER_APPICON_NAME = AppIcon;
				ASSETCATALOG_COMPILER_GLOBAL_ACCENT_COLOR_NAME = AccentColor;
				CODE_SIGN_STYLE = Automatic;
				CURRENT_PROJECT_VERSION = 1;
				DEVELOPMENT_ASSET_PATHS = "\"VinoBytes/Preview Content\"";
				DEVELOPMENT_TEAM = PPKQZNXSX8;
				ENABLE_PREVIEWS = YES;
				GENERATE_INFOPLIST_FILE = YES;
				INFOPLIST_KEY_LSApplicationCategoryType = "";
				INFOPLIST_KEY_NSCameraUsageDescription = "This app needs access to the camera to allow users to take photos of their wines.\n                if isEditing {\n                    Button(action: {\n                        isShowingImagePicker = true\n                    }) {\n                        if let image = editedWine.image {\n                            Image(uiImage: image)\n                                .resizable()\n                                .scaledToFit()\n                        } else {\n                            Text(\"Select Image\")\n                        }\n                    }\n                    .sheet(isPresented: $isShowingImagePicker) {\n                        ImagePicker(selectedImage: $editedWine.image)\n                    }\n                } else {\n                    if let image = wine.image {\n                        Image(uiImage: image)\n                            .resizable()\n                            .scaledToFit()\n                    } else {\n                        Text(\"No Image Available\")\n                    }\n                }\n            }";
				INFOPLIST_KEY_NSPhotoLibraryUsageDescription = "We need access to your photo library to select images for your wines.";
				INFOPLIST_KEY_UIApplicationSceneManifest_Generation = YES;
				INFOPLIST_KEY_UIApplicationSupportsIndirectInputEvents = YES;
				INFOPLIST_KEY_UILaunchScreen_Generation = YES;
				INFOPLIST_KEY_UISupportedInterfaceOrientations_iPad = "UIInterfaceOrientationPortrait UIInterfaceOrientationPortraitUpsideDown UIInterfaceOrientationLandscapeLeft UIInterfaceOrientationLandscapeRight";
				INFOPLIST_KEY_UISupportedInterfaceOrientations_iPhone = "UIInterfaceOrientationPortrait UIInterfaceOrientationLandscapeLeft UIInterfaceOrientationLandscapeRight";
				LD_RUNPATH_SEARCH_PATHS = (
					"$(inherited)",
					"@executable_path/Frameworks",
				);
				MARKETING_VERSION = 1.0;
				PRODUCT_BUNDLE_IDENTIFIER = com.loganrausch.VinoBytesTesting;
				PRODUCT_NAME = "$(TARGET_NAME)";
				SWIFT_EMIT_LOC_STRINGS = YES;
				SWIFT_VERSION = 5.0;
				TARGETED_DEVICE_FAMILY = "1,2";
			};
			name = Release;
		};
		CE6ADF5A2B925ED700982366 /* Debug */ = {
			isa = XCBuildConfiguration;
			buildSettings = {
				ALWAYS_EMBED_SWIFT_STANDARD_LIBRARIES = YES;
				BUNDLE_LOADER = "$(TEST_HOST)";
				CODE_SIGN_STYLE = Automatic;
				CURRENT_PROJECT_VERSION = 1;
				GENERATE_INFOPLIST_FILE = YES;
				IPHONEOS_DEPLOYMENT_TARGET = 17.2;
				MARKETING_VERSION = 1.0;
				PRODUCT_BUNDLE_IDENTIFIER = com.loganrausch.VinoDecksTests;
				PRODUCT_NAME = "$(TARGET_NAME)";
				SWIFT_EMIT_LOC_STRINGS = NO;
				SWIFT_VERSION = 5.0;
				TARGETED_DEVICE_FAMILY = "1,2";
				TEST_HOST = "$(BUILT_PRODUCTS_DIR)/VinoBytes.app/$(BUNDLE_EXECUTABLE_FOLDER_PATH)/VinoBytes";
			};
			name = Debug;
		};
		CE6ADF5B2B925ED700982366 /* Release */ = {
			isa = XCBuildConfiguration;
			buildSettings = {
				ALWAYS_EMBED_SWIFT_STANDARD_LIBRARIES = YES;
				BUNDLE_LOADER = "$(TEST_HOST)";
				CODE_SIGN_STYLE = Automatic;
				CURRENT_PROJECT_VERSION = 1;
				GENERATE_INFOPLIST_FILE = YES;
				IPHONEOS_DEPLOYMENT_TARGET = 17.2;
				MARKETING_VERSION = 1.0;
				PRODUCT_BUNDLE_IDENTIFIER = com.loganrausch.VinoDecksTests;
				PRODUCT_NAME = "$(TARGET_NAME)";
				SWIFT_EMIT_LOC_STRINGS = NO;
				SWIFT_VERSION = 5.0;
				TARGETED_DEVICE_FAMILY = "1,2";
				TEST_HOST = "$(BUILT_PRODUCTS_DIR)/VinoBytes.app/$(BUNDLE_EXECUTABLE_FOLDER_PATH)/VinoBytes";
			};
			name = Release;
		};
		CE6ADF5D2B925ED700982366 /* Debug */ = {
			isa = XCBuildConfiguration;
			buildSettings = {
				ALWAYS_EMBED_SWIFT_STANDARD_LIBRARIES = YES;
				CODE_SIGN_STYLE = Automatic;
				CURRENT_PROJECT_VERSION = 1;
				GENERATE_INFOPLIST_FILE = YES;
				MARKETING_VERSION = 1.0;
				PRODUCT_BUNDLE_IDENTIFIER = com.loganrausch.VinoDecksUITests;
				PRODUCT_NAME = "$(TARGET_NAME)";
				SWIFT_EMIT_LOC_STRINGS = NO;
				SWIFT_VERSION = 5.0;
				TARGETED_DEVICE_FAMILY = "1,2";
				TEST_TARGET_NAME = VinoDecks;
			};
			name = Debug;
		};
		CE6ADF5E2B925ED700982366 /* Release */ = {
			isa = XCBuildConfiguration;
			buildSettings = {
				ALWAYS_EMBED_SWIFT_STANDARD_LIBRARIES = YES;
				CODE_SIGN_STYLE = Automatic;
				CURRENT_PROJECT_VERSION = 1;
				GENERATE_INFOPLIST_FILE = YES;
				MARKETING_VERSION = 1.0;
				PRODUCT_BUNDLE_IDENTIFIER = com.loganrausch.VinoDecksUITests;
				PRODUCT_NAME = "$(TARGET_NAME)";
				SWIFT_EMIT_LOC_STRINGS = NO;
				SWIFT_VERSION = 5.0;
				TARGETED_DEVICE_FAMILY = "1,2";
				TEST_TARGET_NAME = VinoDecks;
			};
			name = Release;
		};
/* End XCBuildConfiguration section */

/* Begin XCConfigurationList section */
		CE6ADF282B925ED600982366 /* Build configuration list for PBXProject "VinoBytes" */ = {
			isa = XCConfigurationList;
			buildConfigurations = (
				CE6ADF542B925ED700982366 /* Debug */,
				CE6ADF552B925ED700982366 /* Release */,
			);
			defaultConfigurationIsVisible = 0;
			defaultConfigurationName = Release;
		};
		CE6ADF562B925ED700982366 /* Build configuration list for PBXNativeTarget "VinoBytes" */ = {
			isa = XCConfigurationList;
			buildConfigurations = (
				CE6ADF572B925ED700982366 /* Debug */,
				CE6ADF582B925ED700982366 /* Release */,
			);
			defaultConfigurationIsVisible = 0;
			defaultConfigurationName = Release;
		};
		CE6ADF592B925ED700982366 /* Build configuration list for PBXNativeTarget "VinoBytesTests" */ = {
			isa = XCConfigurationList;
			buildConfigurations = (
				CE6ADF5A2B925ED700982366 /* Debug */,
				CE6ADF5B2B925ED700982366 /* Release */,
			);
			defaultConfigurationIsVisible = 0;
			defaultConfigurationName = Release;
		};
		CE6ADF5C2B925ED700982366 /* Build configuration list for PBXNativeTarget "VinoBytesUITests" */ = {
			isa = XCConfigurationList;
			buildConfigurations = (
				CE6ADF5D2B925ED700982366 /* Debug */,
				CE6ADF5E2B925ED700982366 /* Release */,
			);
			defaultConfigurationIsVisible = 0;
			defaultConfigurationName = Release;
		};
/* End XCConfigurationList section */

/* Begin XCRemoteSwiftPackageReference section */
		CE21266B2BB86FC30058DCC4 /* XCRemoteSwiftPackageReference "rich-text-renderer" */ = {
			isa = XCRemoteSwiftPackageReference;
			repositoryURL = "https://github.com/contentful/rich-text-renderer.swift";
			requirement = {
				kind = upToNextMajorVersion;
				minimumVersion = 0.4.1;
			};
		};
		CED380DB2BB755BB00CAFB29 /* XCRemoteSwiftPackageReference "contentful" */ = {
			isa = XCRemoteSwiftPackageReference;
			repositoryURL = "https://github.com/contentful/contentful.swift";
			requirement = {
				kind = upToNextMajorVersion;
				minimumVersion = 5.5.9;
			};
		};
/* End XCRemoteSwiftPackageReference section */

/* Begin XCSwiftPackageProductDependency section */
		CE21266C2BB86FC30058DCC4 /* ContentfulRichTextRenderer */ = {
			isa = XCSwiftPackageProductDependency;
			package = CE21266B2BB86FC30058DCC4 /* XCRemoteSwiftPackageReference "rich-text-renderer" */;
			productName = ContentfulRichTextRenderer;
		};
		CED380DC2BB755BB00CAFB29 /* Contentful */ = {
			isa = XCSwiftPackageProductDependency;
			package = CED380DB2BB755BB00CAFB29 /* XCRemoteSwiftPackageReference "contentful" */;
			productName = Contentful;
		};
/* End XCSwiftPackageProductDependency section */

/* Begin XCVersionGroup section */
		CE6ADF3B2B925ED700982366 /* VinoDecks.xcdatamodeld */ = {
			isa = XCVersionGroup;
			children = (
				CE6ADF3C2B925ED700982366 /* VinoDecks.xcdatamodel */,
			);
			currentVersion = CE6ADF3C2B925ED700982366 /* VinoDecks.xcdatamodel */;
			path = VinoDecks.xcdatamodeld;
			sourceTree = "<group>";
			versionGroupType = wrapper.xcdatamodel;
		};
		CE80C1782B9F4F29004EF540 /* StudyCardModel.xcdatamodeld */ = {
			isa = XCVersionGroup;
			children = (
				CE80C1792B9F4F29004EF540 /* Flashcard Model.xcdatamodel */,
			);
			currentVersion = CE80C1792B9F4F29004EF540 /* Flashcard Model.xcdatamodel */;
			path = StudyCardModel.xcdatamodeld;
			sourceTree = "<group>";
			versionGroupType = wrapper.xcdatamodel;
		};
/* End XCVersionGroup section */
	};
	rootObject = CE6ADF252B925ED600982366 /* Project object */;
}
