{
  "originHash" : "88a0cc8032a0d1b6a18c8f6999c707ed1563fad95544b2b25ca523c5bd2104a3",
  "pins" : [
    {
      "identity" : "alamofire",
      "kind" : "remoteSourceControl",
      "location" : "https://github.com/Alamofire/Alamofire.git",
      "state" : {
        "revision" : "723fa5a6c65812aec4a0d7cc432ee198883b6e00",
        "version" : "5.9.0"
      }
    },
    {
      "identity" : "alamofireimage",
      "kind" : "remoteSourceControl",
      "location" : "https://github.com/Alamofire/AlamofireImage.git",
      "state" : {
        "revision" : "1eaf3b6c6882bed10f6e7b119665599dd2329aa1",
        "version" : "4.3.0"
      }
    },
    {
      "identity" : "contentful.swift",
      "kind" : "remoteSourceControl",
      "location" : "https://github.com/contentful/contentful.swift",
      "state" : {
        "revision" : "ef74f4d62891db05b60a060306d3fcc8b63a4f2b",
        "version" : "5.5.9"
      }
    },
    {
      "identity" : "rich-text-renderer.swift",
      "kind" : "remoteSourceControl",
      "location" : "https://github.com/contentful/rich-text-renderer.swift",
      "state" : {
        "revision" : "840c29716777988e37423434a7c713b6aa4c6319",
        "version" : "0.4.1"
      }
    }
  ],
  "version" : 3
}
